// !$*UTF8*$!
{
	archiveVersion = 1;
	classes = {
	};
	objectVersion = 46;
	objects = {

/* Begin PBXBuildFile section */
		5B2CF16917D3FE0100A095F3 /* CardListViewController.m in Sources */ = {isa = PBXBuildFile; fileRef = 5B2CF16817D3FE0100A095F3 /* CardListViewController.m */; };
		5B2CF16C17D54F4200A095F3 /* CardListDataSource.m in Sources */ = {isa = PBXBuildFile; fileRef = 5B2CF16B17D54F4200A095F3 /* CardListDataSource.m */; };
		5B2CF16E17D5BF1F00A095F3 /* QuartzCore.framework in Frameworks */ = {isa = PBXBuildFile; fileRef = 5B2CF16D17D5BF1F00A095F3 /* QuartzCore.framework */; };
		5BEED16D17D15A930044BC83 /* UIKit.framework in Frameworks */ = {isa = PBXBuildFile; fileRef = 5BEED16C17D15A930044BC83 /* UIKit.framework */; };
		5BEED16F17D15A930044BC83 /* Foundation.framework in Frameworks */ = {isa = PBXBuildFile; fileRef = 5BEED16E17D15A930044BC83 /* Foundation.framework */; };
		5BEED17117D15A930044BC83 /* CoreGraphics.framework in Frameworks */ = {isa = PBXBuildFile; fileRef = 5BEED17017D15A930044BC83 /* CoreGraphics.framework */; };
		5BEED17717D15A930044BC83 /* InfoPlist.strings in Resources */ = {isa = PBXBuildFile; fileRef = 5BEED17517D15A930044BC83 /* InfoPlist.strings */; };
		5BEED17917D15A930044BC83 /* main.m in Sources */ = {isa = PBXBuildFile; fileRef = 5BEED17817D15A930044BC83 /* main.m */; };
		5BEED17D17D15A930044BC83 /* AppDelegate.m in Sources */ = {isa = PBXBuildFile; fileRef = 5BEED17C17D15A930044BC83 /* AppDelegate.m */; };
		5BEED17F17D15A930044BC83 /* Default.png in Resources */ = {isa = PBXBuildFile; fileRef = 5BEED17E17D15A930044BC83 /* Default.png */; };
		5BEED18117D15A930044BC83 /* Default@2x.png in Resources */ = {isa = PBXBuildFile; fileRef = 5BEED18017D15A930044BC83 /* Default@2x.png */; };
		5BEED18317D15A930044BC83 /* Default-568h@2x.png in Resources */ = {isa = PBXBuildFile; fileRef = 5BEED18217D15A930044BC83 /* Default-568h@2x.png */; };
		8C38066117D6A1CB007E330B /* CFNetwork.framework in Frameworks */ = {isa = PBXBuildFile; fileRef = 8C38066017D6A1CB007E330B /* CFNetwork.framework */; };
		8C38066317D6A270007E330B /* Reveal.framework in Frameworks */ = {isa = PBXBuildFile; fileRef = 8C38066217D6A270007E330B /* Reveal.framework */; };
		8C56D07A17E7C37E00092110 /* stars-0.png in Resources */ = {isa = PBXBuildFile; fileRef = 8C56D06617E7C37E00092110 /* stars-0.png */; };
		8C56D07B17E7C37E00092110 /* stars-0@2x.png in Resources */ = {isa = PBXBuildFile; fileRef = 8C56D06717E7C37E00092110 /* stars-0@2x.png */; };
		8C56D07C17E7C37E00092110 /* stars-1.5.png in Resources */ = {isa = PBXBuildFile; fileRef = 8C56D06817E7C37E00092110 /* stars-1.5.png */; };
		8C56D07D17E7C37E00092110 /* stars-1.5@2x.png in Resources */ = {isa = PBXBuildFile; fileRef = 8C56D06917E7C37E00092110 /* stars-1.5@2x.png */; };
		8C56D07E17E7C37E00092110 /* stars-1.png in Resources */ = {isa = PBXBuildFile; fileRef = 8C56D06A17E7C37E00092110 /* stars-1.png */; };
		8C56D07F17E7C37E00092110 /* stars-1@2x.png in Resources */ = {isa = PBXBuildFile; fileRef = 8C56D06B17E7C37E00092110 /* stars-1@2x.png */; };
		8C56D08017E7C37E00092110 /* stars-2.5.png in Resources */ = {isa = PBXBuildFile; fileRef = 8C56D06C17E7C37E00092110 /* stars-2.5.png */; };
		8C56D08117E7C37E00092110 /* stars-2.5@2x.png in Resources */ = {isa = PBXBuildFile; fileRef = 8C56D06D17E7C37E00092110 /* stars-2.5@2x.png */; };
		8C56D08217E7C37E00092110 /* stars-2.png in Resources */ = {isa = PBXBuildFile; fileRef = 8C56D06E17E7C37E00092110 /* stars-2.png */; };
		8C56D08317E7C37E00092110 /* stars-2@2x.png in Resources */ = {isa = PBXBuildFile; fileRef = 8C56D06F17E7C37E00092110 /* stars-2@2x.png */; };
		8C56D08417E7C37E00092110 /* stars-3.5.png in Resources */ = {isa = PBXBuildFile; fileRef = 8C56D07017E7C37E00092110 /* stars-3.5.png */; };
		8C56D08517E7C37E00092110 /* stars-3.5@2x.png in Resources */ = {isa = PBXBuildFile; fileRef = 8C56D07117E7C37E00092110 /* stars-3.5@2x.png */; };
		8C56D08617E7C37E00092110 /* stars-3.png in Resources */ = {isa = PBXBuildFile; fileRef = 8C56D07217E7C37E00092110 /* stars-3.png */; };
		8C56D08717E7C37E00092110 /* stars-3@2x.png in Resources */ = {isa = PBXBuildFile; fileRef = 8C56D07317E7C37E00092110 /* stars-3@2x.png */; };
		8C56D08817E7C37E00092110 /* stars-4.5.png in Resources */ = {isa = PBXBuildFile; fileRef = 8C56D07417E7C37E00092110 /* stars-4.5.png */; };
		8C56D08917E7C37E00092110 /* stars-4.5@2x.png in Resources */ = {isa = PBXBuildFile; fileRef = 8C56D07517E7C37E00092110 /* stars-4.5@2x.png */; };
		8C56D08A17E7C37E00092110 /* stars-4.png in Resources */ = {isa = PBXBuildFile; fileRef = 8C56D07617E7C37E00092110 /* stars-4.png */; };
		8C56D08B17E7C37E00092110 /* stars-4@2x.png in Resources */ = {isa = PBXBuildFile; fileRef = 8C56D07717E7C37E00092110 /* stars-4@2x.png */; };
		8C56D08C17E7C37E00092110 /* stars-5.png in Resources */ = {isa = PBXBuildFile; fileRef = 8C56D07817E7C37E00092110 /* stars-5.png */; };
		8C56D08D17E7C37E00092110 /* stars-5@2x.png in Resources */ = {isa = PBXBuildFile; fileRef = 8C56D07917E7C37E00092110 /* stars-5@2x.png */; };
		8C56D09017E8FBDD00092110 /* BookmarkCardFactory.m in Sources */ = {isa = PBXBuildFile; fileRef = 8C56D08F17E8FBDD00092110 /* BookmarkCardFactory.m */; };
		8C56D09417E9122600092110 /* basketball.png in Resources */ = {isa = PBXBuildFile; fileRef = 8C56D09317E9122600092110 /* basketball.png */; };
		8C56D0A017E91D7200092110 /* iphone-5c.png in Resources */ = {isa = PBXBuildFile; fileRef = 8C56D09F17E91D7200092110 /* iphone-5c.png */; };
		8C56D0A417E920D400092110 /* marketplace.png in Resources */ = {isa = PBXBuildFile; fileRef = 8C56D0A317E920D400092110 /* marketplace.png */; };
		8C56D0A617E9222F00092110 /* phillips-saeco.png in Resources */ = {isa = PBXBuildFile; fileRef = 8C56D0A517E9222F00092110 /* phillips-saeco.png */; };
		8C56D0A817E9241900092110 /* baseball-glove.png in Resources */ = {isa = PBXBuildFile; fileRef = 8C56D0A717E9241800092110 /* baseball-glove.png */; };
		8C56D0AA17E929BE00092110 /* balloons.png in Resources */ = {isa = PBXBuildFile; fileRef = 8C56D0A917E929BE00092110 /* balloons.png */; };
		8C56D0AC17E92ABD00092110 /* batman-utility-belt.png in Resources */ = {isa = PBXBuildFile; fileRef = 8C56D0AB17E92ABC00092110 /* batman-utility-belt.png */; };
		8C56D0AE17E92B5600092110 /* chia-pet.png in Resources */ = {isa = PBXBuildFile; fileRef = 8C56D0AD17E92B5600092110 /* chia-pet.png */; };
		8C56D0B017E92C4600092110 /* competitiveness.png in Resources */ = {isa = PBXBuildFile; fileRef = 8C56D0AF17E92C4500092110 /* competitiveness.png */; };
		8C9EC01017E2B4E40026A193 /* BookmarkCardView.xib in Resources */ = {isa = PBXBuildFile; fileRef = 8C9EC00F17E2B4E40026A193 /* BookmarkCardView.xib */; };
		8CB0B1D417E3BC9900000D50 /* canon-rebel.png in Resources */ = {isa = PBXBuildFile; fileRef = 8CB0B1D317E3BC9900000D50 /* canon-rebel.png */; };
		8CB0B1DE17E3FB1A00000D50 /* add-to-cart-blue.png in Resources */ = {isa = PBXBuildFile; fileRef = 8CB0B1DC17E3FB1A00000D50 /* add-to-cart-blue.png */; };
		8CB0B1DF17E3FB1A00000D50 /* add-to-cart-white.png in Resources */ = {isa = PBXBuildFile; fileRef = 8CB0B1DD17E3FB1A00000D50 /* add-to-cart-white.png */; };
		8CB0B1E117E4015900000D50 /* blue-background.png in Resources */ = {isa = PBXBuildFile; fileRef = 8CB0B1E017E4015900000D50 /* blue-background.png */; };
		8CFD49B217EA612B00EDDE17 /* Bookmark.m in Sources */ = {isa = PBXBuildFile; fileRef = 8CFD49B117EA612B00EDDE17 /* Bookmark.m */; };
/* End PBXBuildFile section */

/* Begin PBXFileReference section */
		5B2CF16717D3FE0100A095F3 /* CardListViewController.h */ = {isa = PBXFileReference; fileEncoding = 4; lastKnownFileType = sourcecode.c.h; path = CardListViewController.h; sourceTree = "<group>"; };
		5B2CF16817D3FE0100A095F3 /* CardListViewController.m */ = {isa = PBXFileReference; fileEncoding = 4; lastKnownFileType = sourcecode.c.objc; path = CardListViewController.m; sourceTree = "<group>"; };
		5B2CF16A17D54F4200A095F3 /* CardListDataSource.h */ = {isa = PBXFileReference; fileEncoding = 4; lastKnownFileType = sourcecode.c.h; path = CardListDataSource.h; sourceTree = "<group>"; };
		5B2CF16B17D54F4200A095F3 /* CardListDataSource.m */ = {isa = PBXFileReference; fileEncoding = 4; lastKnownFileType = sourcecode.c.objc; path = CardListDataSource.m; sourceTree = "<group>"; };
		5B2CF16D17D5BF1F00A095F3 /* QuartzCore.framework */ = {isa = PBXFileReference; lastKnownFileType = wrapper.framework; name = QuartzCore.framework; path = System/Library/Frameworks/QuartzCore.framework; sourceTree = SDKROOT; };
		5BEED16917D15A930044BC83 /* RolyPoly.app */ = {isa = PBXFileReference; explicitFileType = wrapper.application; includeInIndex = 0; path = RolyPoly.app; sourceTree = BUILT_PRODUCTS_DIR; };
		5BEED16C17D15A930044BC83 /* UIKit.framework */ = {isa = PBXFileReference; lastKnownFileType = wrapper.framework; name = UIKit.framework; path = System/Library/Frameworks/UIKit.framework; sourceTree = SDKROOT; };
		5BEED16E17D15A930044BC83 /* Foundation.framework */ = {isa = PBXFileReference; lastKnownFileType = wrapper.framework; name = Foundation.framework; path = System/Library/Frameworks/Foundation.framework; sourceTree = SDKROOT; };
		5BEED17017D15A930044BC83 /* CoreGraphics.framework */ = {isa = PBXFileReference; lastKnownFileType = wrapper.framework; name = CoreGraphics.framework; path = System/Library/Frameworks/CoreGraphics.framework; sourceTree = SDKROOT; };
		5BEED17417D15A930044BC83 /* RolyPoly-Info.plist */ = {isa = PBXFileReference; lastKnownFileType = text.plist.xml; path = "RolyPoly-Info.plist"; sourceTree = "<group>"; };
		5BEED17617D15A930044BC83 /* en */ = {isa = PBXFileReference; lastKnownFileType = text.plist.strings; name = en; path = en.lproj/InfoPlist.strings; sourceTree = "<group>"; };
		5BEED17817D15A930044BC83 /* main.m */ = {isa = PBXFileReference; lastKnownFileType = sourcecode.c.objc; path = main.m; sourceTree = "<group>"; };
		5BEED17A17D15A930044BC83 /* RolyPoly-Prefix.pch */ = {isa = PBXFileReference; lastKnownFileType = sourcecode.c.h; path = "RolyPoly-Prefix.pch"; sourceTree = "<group>"; };
		5BEED17B17D15A930044BC83 /* AppDelegate.h */ = {isa = PBXFileReference; lastKnownFileType = sourcecode.c.h; path = AppDelegate.h; sourceTree = "<group>"; };
		5BEED17C17D15A930044BC83 /* AppDelegate.m */ = {isa = PBXFileReference; lastKnownFileType = sourcecode.c.objc; path = AppDelegate.m; sourceTree = "<group>"; };
		5BEED17E17D15A930044BC83 /* Default.png */ = {isa = PBXFileReference; lastKnownFileType = image.png; path = Default.png; sourceTree = "<group>"; };
		5BEED18017D15A930044BC83 /* Default@2x.png */ = {isa = PBXFileReference; lastKnownFileType = image.png; path = "Default@2x.png"; sourceTree = "<group>"; };
		5BEED18217D15A930044BC83 /* Default-568h@2x.png */ = {isa = PBXFileReference; lastKnownFileType = image.png; path = "Default-568h@2x.png"; sourceTree = "<group>"; };
		8C38066017D6A1CB007E330B /* CFNetwork.framework */ = {isa = PBXFileReference; lastKnownFileType = wrapper.framework; name = CFNetwork.framework; path = System/Library/Frameworks/CFNetwork.framework; sourceTree = SDKROOT; };
		8C38066217D6A270007E330B /* Reveal.framework */ = {isa = PBXFileReference; lastKnownFileType = wrapper.framework; path = Reveal.framework; sourceTree = "<group>"; };
		8C56D06617E7C37E00092110 /* stars-0.png */ = {isa = PBXFileReference; lastKnownFileType = image.png; path = "stars-0.png"; sourceTree = "<group>"; };
		8C56D06717E7C37E00092110 /* stars-0@2x.png */ = {isa = PBXFileReference; lastKnownFileType = image.png; path = "stars-0@2x.png"; sourceTree = "<group>"; };
		8C56D06817E7C37E00092110 /* stars-1.5.png */ = {isa = PBXFileReference; lastKnownFileType = image.png; path = "stars-1.5.png"; sourceTree = "<group>"; };
		8C56D06917E7C37E00092110 /* stars-1.5@2x.png */ = {isa = PBXFileReference; lastKnownFileType = image.png; path = "stars-1.5@2x.png"; sourceTree = "<group>"; };
		8C56D06A17E7C37E00092110 /* stars-1.png */ = {isa = PBXFileReference; lastKnownFileType = image.png; path = "stars-1.png"; sourceTree = "<group>"; };
		8C56D06B17E7C37E00092110 /* stars-1@2x.png */ = {isa = PBXFileReference; lastKnownFileType = image.png; path = "stars-1@2x.png"; sourceTree = "<group>"; };
		8C56D06C17E7C37E00092110 /* stars-2.5.png */ = {isa = PBXFileReference; lastKnownFileType = image.png; path = "stars-2.5.png"; sourceTree = "<group>"; };
		8C56D06D17E7C37E00092110 /* stars-2.5@2x.png */ = {isa = PBXFileReference; lastKnownFileType = image.png; path = "stars-2.5@2x.png"; sourceTree = "<group>"; };
		8C56D06E17E7C37E00092110 /* stars-2.png */ = {isa = PBXFileReference; lastKnownFileType = image.png; path = "stars-2.png"; sourceTree = "<group>"; };
		8C56D06F17E7C37E00092110 /* stars-2@2x.png */ = {isa = PBXFileReference; lastKnownFileType = image.png; path = "stars-2@2x.png"; sourceTree = "<group>"; };
		8C56D07017E7C37E00092110 /* stars-3.5.png */ = {isa = PBXFileReference; lastKnownFileType = image.png; path = "stars-3.5.png"; sourceTree = "<group>"; };
		8C56D07117E7C37E00092110 /* stars-3.5@2x.png */ = {isa = PBXFileReference; lastKnownFileType = image.png; path = "stars-3.5@2x.png"; sourceTree = "<group>"; };
		8C56D07217E7C37E00092110 /* stars-3.png */ = {isa = PBXFileReference; lastKnownFileType = image.png; path = "stars-3.png"; sourceTree = "<group>"; };
		8C56D07317E7C37E00092110 /* stars-3@2x.png */ = {isa = PBXFileReference; lastKnownFileType = image.png; path = "stars-3@2x.png"; sourceTree = "<group>"; };
		8C56D07417E7C37E00092110 /* stars-4.5.png */ = {isa = PBXFileReference; lastKnownFileType = image.png; path = "stars-4.5.png"; sourceTree = "<group>"; };
		8C56D07517E7C37E00092110 /* stars-4.5@2x.png */ = {isa = PBXFileReference; lastKnownFileType = image.png; path = "stars-4.5@2x.png"; sourceTree = "<group>"; };
		8C56D07617E7C37E00092110 /* stars-4.png */ = {isa = PBXFileReference; lastKnownFileType = image.png; path = "stars-4.png"; sourceTree = "<group>"; };
		8C56D07717E7C37E00092110 /* stars-4@2x.png */ = {isa = PBXFileReference; lastKnownFileType = image.png; path = "stars-4@2x.png"; sourceTree = "<group>"; };
		8C56D07817E7C37E00092110 /* stars-5.png */ = {isa = PBXFileReference; lastKnownFileType = image.png; path = "stars-5.png"; sourceTree = "<group>"; };
		8C56D07917E7C37E00092110 /* stars-5@2x.png */ = {isa = PBXFileReference; lastKnownFileType = image.png; path = "stars-5@2x.png"; sourceTree = "<group>"; };
		8C56D08E17E8FBDD00092110 /* BookmarkCardFactory.h */ = {isa = PBXFileReference; fileEncoding = 4; lastKnownFileType = sourcecode.c.h; path = BookmarkCardFactory.h; sourceTree = "<group>"; };
		8C56D08F17E8FBDD00092110 /* BookmarkCardFactory.m */ = {isa = PBXFileReference; fileEncoding = 4; lastKnownFileType = sourcecode.c.objc; path = BookmarkCardFactory.m; sourceTree = "<group>"; };
		8C56D09317E9122600092110 /* basketball.png */ = {isa = PBXFileReference; lastKnownFileType = image.png; path = basketball.png; sourceTree = "<group>"; };
		8C56D09F17E91D7200092110 /* iphone-5c.png */ = {isa = PBXFileReference; lastKnownFileType = image.png; path = "iphone-5c.png"; sourceTree = "<group>"; };
		8C56D0A317E920D400092110 /* marketplace.png */ = {isa = PBXFileReference; lastKnownFileType = image.png; path = marketplace.png; sourceTree = "<group>"; };
		8C56D0A517E9222F00092110 /* phillips-saeco.png */ = {isa = PBXFileReference; lastKnownFileType = image.png; path = "phillips-saeco.png"; sourceTree = "<group>"; };
		8C56D0A717E9241800092110 /* baseball-glove.png */ = {isa = PBXFileReference; lastKnownFileType = image.png; path = "baseball-glove.png"; sourceTree = "<group>"; };
		8C56D0A917E929BE00092110 /* balloons.png */ = {isa = PBXFileReference; lastKnownFileType = image.png; path = balloons.png; sourceTree = "<group>"; };
		8C56D0AB17E92ABC00092110 /* batman-utility-belt.png */ = {isa = PBXFileReference; lastKnownFileType = image.png; path = "batman-utility-belt.png"; sourceTree = "<group>"; };
		8C56D0AD17E92B5600092110 /* chia-pet.png */ = {isa = PBXFileReference; lastKnownFileType = image.png; path = "chia-pet.png"; sourceTree = "<group>"; };
		8C56D0AF17E92C4500092110 /* competitiveness.png */ = {isa = PBXFileReference; lastKnownFileType = image.png; path = competitiveness.png; sourceTree = "<group>"; };
		8C9EC00F17E2B4E40026A193 /* BookmarkCardView.xib */ = {isa = PBXFileReference; fileEncoding = 4; lastKnownFileType = file.xib; path = BookmarkCardView.xib; sourceTree = "<group>"; };
		8CB0B1D317E3BC9900000D50 /* canon-rebel.png */ = {isa = PBXFileReference; lastKnownFileType = image.png; path = "canon-rebel.png"; sourceTree = "<group>"; };
		8CB0B1DC17E3FB1A00000D50 /* add-to-cart-blue.png */ = {isa = PBXFileReference; lastKnownFileType = image.png; path = "add-to-cart-blue.png"; sourceTree = "<group>"; };
		8CB0B1DD17E3FB1A00000D50 /* add-to-cart-white.png */ = {isa = PBXFileReference; lastKnownFileType = image.png; path = "add-to-cart-white.png"; sourceTree = "<group>"; };
		8CB0B1E017E4015900000D50 /* blue-background.png */ = {isa = PBXFileReference; lastKnownFileType = image.png; path = "blue-background.png"; sourceTree = "<group>"; };
		8CFD49B017EA612B00EDDE17 /* Bookmark.h */ = {isa = PBXFileReference; fileEncoding = 4; lastKnownFileType = sourcecode.c.h; path = Bookmark.h; sourceTree = "<group>"; };
		8CFD49B117EA612B00EDDE17 /* Bookmark.m */ = {isa = PBXFileReference; fileEncoding = 4; lastKnownFileType = sourcecode.c.objc; path = Bookmark.m; sourceTree = "<group>"; };
/* End PBXFileReference section */

/* Begin PBXFrameworksBuildPhase section */
		5BEED16617D15A930044BC83 /* Frameworks */ = {
			isa = PBXFrameworksBuildPhase;
			buildActionMask = 2147483647;
			files = (
				5BEED16D17D15A930044BC83 /* UIKit.framework in Frameworks */,
				5BEED16F17D15A930044BC83 /* Foundation.framework in Frameworks */,
				5BEED17117D15A930044BC83 /* CoreGraphics.framework in Frameworks */,
				5B2CF16E17D5BF1F00A095F3 /* QuartzCore.framework in Frameworks */,
				8C38066117D6A1CB007E330B /* CFNetwork.framework in Frameworks */,
				8C38066317D6A270007E330B /* Reveal.framework in Frameworks */,
			);
			runOnlyForDeploymentPostprocessing = 0;
		};
/* End PBXFrameworksBuildPhase section */

/* Begin PBXGroup section */
		5BEED16017D15A930044BC83 = {
			isa = PBXGroup;
			children = (
				5BEED17217D15A930044BC83 /* RolyPoly */,
				5BEED16B17D15A930044BC83 /* Frameworks */,
				5BEED16A17D15A930044BC83 /* Products */,
			);
			sourceTree = "<group>";
		};
		5BEED16A17D15A930044BC83 /* Products */ = {
			isa = PBXGroup;
			children = (
				5BEED16917D15A930044BC83 /* RolyPoly.app */,
			);
			name = Products;
			sourceTree = "<group>";
		};
		5BEED16B17D15A930044BC83 /* Frameworks */ = {
			isa = PBXGroup;
			children = (
				8C38066217D6A270007E330B /* Reveal.framework */,
				8C38066017D6A1CB007E330B /* CFNetwork.framework */,
				5B2CF16D17D5BF1F00A095F3 /* QuartzCore.framework */,
				5BEED16C17D15A930044BC83 /* UIKit.framework */,
				5BEED16E17D15A930044BC83 /* Foundation.framework */,
				5BEED17017D15A930044BC83 /* CoreGraphics.framework */,
			);
			name = Frameworks;
			sourceTree = "<group>";
		};
		5BEED17217D15A930044BC83 /* RolyPoly */ = {
			isa = PBXGroup;
			children = (
				5BEED17B17D15A930044BC83 /* AppDelegate.h */,
				5BEED17C17D15A930044BC83 /* AppDelegate.m */,
				5B2CF16717D3FE0100A095F3 /* CardListViewController.h */,
				5B2CF16817D3FE0100A095F3 /* CardListViewController.m */,
				5B2CF16A17D54F4200A095F3 /* CardListDataSource.h */,
				5B2CF16B17D54F4200A095F3 /* CardListDataSource.m */,
				8CFD49B017EA612B00EDDE17 /* Bookmark.h */,
				8CFD49B117EA612B00EDDE17 /* Bookmark.m */,
				8C1C075017E7BE7E00C8CB17 /* Bookmark Card View */,
				8C56D06417E7C32200092110 /* Products */,
				5BEED17317D15A930044BC83 /* Supporting Files */,
			);
			path = RolyPoly;
			sourceTree = "<group>";
		};
		5BEED17317D15A930044BC83 /* Supporting Files */ = {
			isa = PBXGroup;
			children = (
				5BEED17417D15A930044BC83 /* RolyPoly-Info.plist */,
				5BEED17517D15A930044BC83 /* InfoPlist.strings */,
				5BEED17817D15A930044BC83 /* main.m */,
				5BEED17A17D15A930044BC83 /* RolyPoly-Prefix.pch */,
				5BEED17E17D15A930044BC83 /* Default.png */,
				5BEED18017D15A930044BC83 /* Default@2x.png */,
				5BEED18217D15A930044BC83 /* Default-568h@2x.png */,
			);
			name = "Supporting Files";
			sourceTree = "<group>";
		};
		8C1C075017E7BE7E00C8CB17 /* Bookmark Card View */ = {
			isa = PBXGroup;
			children = (
				8C56D06317E7C31000092110 /* Stars */,
				8C56D06517E7C34400092110 /* Add To Cart */,
				8C9EC00F17E2B4E40026A193 /* BookmarkCardView.xib */,
				8C56D08E17E8FBDD00092110 /* BookmarkCardFactory.h */,
				8C56D08F17E8FBDD00092110 /* BookmarkCardFactory.m */,
			);
			name = "Bookmark Card View";
			sourceTree = "<group>";
		};
		8C56D06317E7C31000092110 /* Stars */ = {
			isa = PBXGroup;
			children = (
				8C56D06617E7C37E00092110 /* stars-0.png */,
				8C56D06717E7C37E00092110 /* stars-0@2x.png */,
				8C56D06817E7C37E00092110 /* stars-1.5.png */,
				8C56D06917E7C37E00092110 /* stars-1.5@2x.png */,
				8C56D06A17E7C37E00092110 /* stars-1.png */,
				8C56D06B17E7C37E00092110 /* stars-1@2x.png */,
				8C56D06C17E7C37E00092110 /* stars-2.5.png */,
				8C56D06D17E7C37E00092110 /* stars-2.5@2x.png */,
				8C56D06E17E7C37E00092110 /* stars-2.png */,
				8C56D06F17E7C37E00092110 /* stars-2@2x.png */,
				8C56D07017E7C37E00092110 /* stars-3.5.png */,
				8C56D07117E7C37E00092110 /* stars-3.5@2x.png */,
				8C56D07217E7C37E00092110 /* stars-3.png */,
				8C56D07317E7C37E00092110 /* stars-3@2x.png */,
				8C56D07417E7C37E00092110 /* stars-4.5.png */,
				8C56D07517E7C37E00092110 /* stars-4.5@2x.png */,
				8C56D07617E7C37E00092110 /* stars-4.png */,
				8C56D07717E7C37E00092110 /* stars-4@2x.png */,
				8C56D07817E7C37E00092110 /* stars-5.png */,
				8C56D07917E7C37E00092110 /* stars-5@2x.png */,
			);
			name = Stars;
			sourceTree = "<group>";
		};
		8C56D06417E7C32200092110 /* Products */ = {
			isa = PBXGroup;
			children = (
				8C56D0A917E929BE00092110 /* balloons.png */,
				8C56D0A717E9241800092110 /* baseball-glove.png */,
				8C56D09317E9122600092110 /* basketball.png */,
				8C56D0AB17E92ABC00092110 /* batman-utility-belt.png */,
				8CB0B1D317E3BC9900000D50 /* canon-rebel.png */,
				8C56D0AD17E92B5600092110 /* chia-pet.png */,
				8C56D0AF17E92C4500092110 /* competitiveness.png */,
				8C56D09F17E91D7200092110 /* iphone-5c.png */,
				8C56D0A317E920D400092110 /* marketplace.png */,
				8C56D0A517E9222F00092110 /* phillips-saeco.png */,
			);
			name = Products;
			sourceTree = "<group>";
		};
		8C56D06517E7C34400092110 /* Add To Cart */ = {
			isa = PBXGroup;
			children = (
				8CB0B1E017E4015900000D50 /* blue-background.png */,
				8CB0B1DD17E3FB1A00000D50 /* add-to-cart-white.png */,
				8CB0B1DC17E3FB1A00000D50 /* add-to-cart-blue.png */,
			);
			name = "Add To Cart";
			sourceTree = "<group>";
		};
/* End PBXGroup section */

/* Begin PBXNativeTarget section */
		5BEED16817D15A930044BC83 /* RolyPoly */ = {
			isa = PBXNativeTarget;
			buildConfigurationList = 5BEED18617D15A930044BC83 /* Build configuration list for PBXNativeTarget "RolyPoly" */;
			buildPhases = (
				5BEED16517D15A930044BC83 /* Sources */,
				5BEED16617D15A930044BC83 /* Frameworks */,
				5BEED16717D15A930044BC83 /* Resources */,
			);
			buildRules = (
			);
			dependencies = (
			);
			name = RolyPoly;
			productName = RolyPoly;
			productReference = 5BEED16917D15A930044BC83 /* RolyPoly.app */;
			productType = "com.apple.product-type.application";
		};
/* End PBXNativeTarget section */

/* Begin PBXProject section */
		5BEED16117D15A930044BC83 /* Project object */ = {
			isa = PBXProject;
			attributes = {
				LastUpgradeCheck = 0460;
				ORGANIZATIONNAME = "Martin Ortega";
			};
			buildConfigurationList = 5BEED16417D15A930044BC83 /* Build configuration list for PBXProject "RolyPoly" */;
			compatibilityVersion = "Xcode 3.2";
			developmentRegion = English;
			hasScannedForEncodings = 0;
			knownRegions = (
				en,
			);
			mainGroup = 5BEED16017D15A930044BC83;
			productRefGroup = 5BEED16A17D15A930044BC83 /* Products */;
			projectDirPath = "";
			projectRoot = "";
			targets = (
				5BEED16817D15A930044BC83 /* RolyPoly */,
			);
		};
/* End PBXProject section */

/* Begin PBXResourcesBuildPhase section */
		5BEED16717D15A930044BC83 /* Resources */ = {
			isa = PBXResourcesBuildPhase;
			buildActionMask = 2147483647;
			files = (
				5BEED17717D15A930044BC83 /* InfoPlist.strings in Resources */,
				5BEED17F17D15A930044BC83 /* Default.png in Resources */,
				5BEED18117D15A930044BC83 /* Default@2x.png in Resources */,
				5BEED18317D15A930044BC83 /* Default-568h@2x.png in Resources */,
				8C9EC01017E2B4E40026A193 /* BookmarkCardView.xib in Resources */,
				8CB0B1D417E3BC9900000D50 /* canon-rebel.png in Resources */,
				8CB0B1DE17E3FB1A00000D50 /* add-to-cart-blue.png in Resources */,
				8CB0B1DF17E3FB1A00000D50 /* add-to-cart-white.png in Resources */,
				8CB0B1E117E4015900000D50 /* blue-background.png in Resources */,
				8C56D07A17E7C37E00092110 /* stars-0.png in Resources */,
				8C56D07B17E7C37E00092110 /* stars-0@2x.png in Resources */,
				8C56D07C17E7C37E00092110 /* stars-1.5.png in Resources */,
				8C56D07D17E7C37E00092110 /* stars-1.5@2x.png in Resources */,
				8C56D07E17E7C37E00092110 /* stars-1.png in Resources */,
				8C56D07F17E7C37E00092110 /* stars-1@2x.png in Resources */,
				8C56D08017E7C37E00092110 /* stars-2.5.png in Resources */,
				8C56D08117E7C37E00092110 /* stars-2.5@2x.png in Resources */,
				8C56D08217E7C37E00092110 /* stars-2.png in Resources */,
				8C56D08317E7C37E00092110 /* stars-2@2x.png in Resources */,
				8C56D08417E7C37E00092110 /* stars-3.5.png in Resources */,
				8C56D08517E7C37E00092110 /* stars-3.5@2x.png in Resources */,
				8C56D08617E7C37E00092110 /* stars-3.png in Resources */,
				8C56D08717E7C37E00092110 /* stars-3@2x.png in Resources */,
				8C56D08817E7C37E00092110 /* stars-4.5.png in Resources */,
				8C56D08917E7C37E00092110 /* stars-4.5@2x.png in Resources */,
				8C56D08A17E7C37E00092110 /* stars-4.png in Resources */,
				8C56D08B17E7C37E00092110 /* stars-4@2x.png in Resources */,
				8C56D08C17E7C37E00092110 /* stars-5.png in Resources */,
				8C56D08D17E7C37E00092110 /* stars-5@2x.png in Resources */,
				8C56D09417E9122600092110 /* basketball.png in Resources */,
				8C56D0A017E91D7200092110 /* iphone-5c.png in Resources */,
				8C56D0A417E920D400092110 /* marketplace.png in Resources */,
				8C56D0A617E9222F00092110 /* phillips-saeco.png in Resources */,
				8C56D0A817E9241900092110 /* baseball-glove.png in Resources */,
				8C56D0AA17E929BE00092110 /* balloons.png in Resources */,
				8C56D0AC17E92ABD00092110 /* batman-utility-belt.png in Resources */,
				8C56D0AE17E92B5600092110 /* chia-pet.png in Resources */,
				8C56D0B017E92C4600092110 /* competitiveness.png in Resources */,
			);
			runOnlyForDeploymentPostprocessing = 0;
		};
/* End PBXResourcesBuildPhase section */

/* Begin PBXSourcesBuildPhase section */
		5BEED16517D15A930044BC83 /* Sources */ = {
			isa = PBXSourcesBuildPhase;
			buildActionMask = 2147483647;
			files = (
				5BEED17917D15A930044BC83 /* main.m in Sources */,
				5BEED17D17D15A930044BC83 /* AppDelegate.m in Sources */,
				5B2CF16917D3FE0100A095F3 /* CardListViewController.m in Sources */,
				5B2CF16C17D54F4200A095F3 /* CardListDataSource.m in Sources */,
				8C56D09017E8FBDD00092110 /* BookmarkCardFactory.m in Sources */,
				8CFD49B217EA612B00EDDE17 /* Bookmark.m in Sources */,
			);
			runOnlyForDeploymentPostprocessing = 0;
		};
/* End PBXSourcesBuildPhase section */

/* Begin PBXVariantGroup section */
		5BEED17517D15A930044BC83 /* InfoPlist.strings */ = {
			isa = PBXVariantGroup;
			children = (
				5BEED17617D15A930044BC83 /* en */,
			);
			name = InfoPlist.strings;
			sourceTree = "<group>";
		};
/* End PBXVariantGroup section */

/* Begin XCBuildConfiguration section */
		5BEED18417D15A930044BC83 /* Debug */ = {
			isa = XCBuildConfiguration;
			buildSettings = {
				ALWAYS_SEARCH_USER_PATHS = NO;
				CLANG_CXX_LANGUAGE_STANDARD = "gnu++0x";
				CLANG_CXX_LIBRARY = "libc++";
				CLANG_ENABLE_OBJC_ARC = YES;
				CLANG_WARN_CONSTANT_CONVERSION = YES;
				CLANG_WARN_EMPTY_BODY = YES;
				CLANG_WARN_ENUM_CONVERSION = YES;
				CLANG_WARN_INT_CONVERSION = YES;
				CLANG_WARN__DUPLICATE_METHOD_MATCH = YES;
				CODE_SIGN_IDENTITY = "iPhone Distribution: Rakuten, Inc.";
				"CODE_SIGN_IDENTITY[sdk=iphoneos*]" = "iPhone Distribution: Rakuten, Inc.";
				COPY_PHASE_STRIP = NO;
				GCC_C_LANGUAGE_STANDARD = gnu99;
				GCC_DYNAMIC_NO_PIC = NO;
				GCC_OPTIMIZATION_LEVEL = 0;
				GCC_PREPROCESSOR_DEFINITIONS = (
					"DEBUG=1",
					"$(inherited)",
				);
				GCC_SYMBOLS_PRIVATE_EXTERN = NO;
				GCC_WARN_ABOUT_RETURN_TYPE = YES;
				GCC_WARN_UNINITIALIZED_AUTOS = YES;
				GCC_WARN_UNUSED_VARIABLE = YES;
				IPHONEOS_DEPLOYMENT_TARGET = 6.1;
				ONLY_ACTIVE_ARCH = YES;
				PROVISIONING_PROFILE = "663FD189-D897-4CB6-8810-94CA4FD41A15";
				"PROVISIONING_PROFILE[sdk=iphoneos*]" = "663FD189-D897-4CB6-8810-94CA4FD41A15";
				SDKROOT = iphoneos;
			};
			name = Debug;
		};
		5BEED18517D15A930044BC83 /* Release */ = {
			isa = XCBuildConfiguration;
			buildSettings = {
				ALWAYS_SEARCH_USER_PATHS = NO;
				CLANG_CXX_LANGUAGE_STANDARD = "gnu++0x";
				CLANG_CXX_LIBRARY = "libc++";
				CLANG_ENABLE_OBJC_ARC = YES;
				CLANG_WARN_CONSTANT_CONVERSION = YES;
				CLANG_WARN_EMPTY_BODY = YES;
				CLANG_WARN_ENUM_CONVERSION = YES;
				CLANG_WARN_INT_CONVERSION = YES;
				CLANG_WARN__DUPLICATE_METHOD_MATCH = YES;
				CODE_SIGN_IDENTITY = "iPhone Distribution: Rakuten, Inc.";
				"CODE_SIGN_IDENTITY[sdk=iphoneos*]" = "iPhone Distribution: Rakuten, Inc.";
				COPY_PHASE_STRIP = YES;
				GCC_C_LANGUAGE_STANDARD = gnu99;
				GCC_WARN_ABOUT_RETURN_TYPE = YES;
				GCC_WARN_UNINITIALIZED_AUTOS = YES;
				GCC_WARN_UNUSED_VARIABLE = YES;
				IPHONEOS_DEPLOYMENT_TARGET = 6.1;
				OTHER_CFLAGS = "-DNS_BLOCK_ASSERTIONS=1";
				PROVISIONING_PROFILE = "663FD189-D897-4CB6-8810-94CA4FD41A15";
				"PROVISIONING_PROFILE[sdk=iphoneos*]" = "663FD189-D897-4CB6-8810-94CA4FD41A15";
				SDKROOT = iphoneos;
				VALIDATE_PRODUCT = YES;
			};
			name = Release;
		};
		5BEED18717D15A930044BC83 /* Debug */ = {
			isa = XCBuildConfiguration;
			buildSettings = {
				FRAMEWORK_SEARCH_PATHS = (
					"$(inherited)",
					"\"$(SRCROOT)\"",
				);
				GCC_PRECOMPILE_PREFIX_HEADER = YES;
				GCC_PREFIX_HEADER = "RolyPoly/RolyPoly-Prefix.pch";
				INFOPLIST_FILE = "RolyPoly/RolyPoly-Info.plist";
				IPHONEOS_DEPLOYMENT_TARGET = 6.1;
				"OTHER_LDFLAGS[arch=*]" = "-ObjC";
				PRODUCT_NAME = "$(TARGET_NAME)";
				TARGETED_DEVICE_FAMILY = 1;
				WRAPPER_EXTENSION = app;
			};
			name = Debug;
		};
		5BEED18817D15A930044BC83 /* Release */ = {
			isa = XCBuildConfiguration;
			buildSettings = {
				FRAMEWORK_SEARCH_PATHS = (
					"$(inherited)",
					"\"$(SRCROOT)\"",
				);
				GCC_PRECOMPILE_PREFIX_HEADER = YES;
				GCC_PREFIX_HEADER = "RolyPoly/RolyPoly-Prefix.pch";
				INFOPLIST_FILE = "RolyPoly/RolyPoly-Info.plist";
				IPHONEOS_DEPLOYMENT_TARGET = 6.1;
				"OTHER_LDFLAGS[arch=*]" = "-ObjC";
				PRODUCT_NAME = "$(TARGET_NAME)";
				TARGETED_DEVICE_FAMILY = 1;
				WRAPPER_EXTENSION = app;
			};
			name = Release;
		};
/* End XCBuildConfiguration section */

/* Begin XCConfigurationList section */
		5BEED16417D15A930044BC83 /* Build configuration list for PBXProject "RolyPoly" */ = {
			isa = XCConfigurationList;
			buildConfigurations = (
				5BEED18417D15A930044BC83 /* Debug */,
				5BEED18517D15A930044BC83 /* Release */,
			);
			defaultConfigurationIsVisible = 0;
			defaultConfigurationName = Release;
		};
		5BEED18617D15A930044BC83 /* Build configuration list for PBXNativeTarget "RolyPoly" */ = {
			isa = XCConfigurationList;
			buildConfigurations = (
				5BEED18717D15A930044BC83 /* Debug */,
				5BEED18817D15A930044BC83 /* Release */,
			);
			defaultConfigurationIsVisible = 0;
			defaultConfigurationName = Release;
		};
/* End XCConfigurationList section */
	};
	rootObject = 5BEED16117D15A930044BC83 /* Project object */;
}
